<?xml version="1.0" encoding="utf-8"?>
<Project ToolsVersion="4.0" xmlns="http://schemas.microsoft.com/developer/msbuild/2003">
  <ItemGroup>
    <Filter Include="win32">
      <UniqueIdentifier>{84a8ebd7-7cf0-47f6-b75e-d441df67da40}</UniqueIdentifier>
    </Filter>
    <Filter Include="resource">
      <UniqueIdentifier>{715254bc-d70b-4ec5-bf29-467dd3ace079}</UniqueIdentifier>
    </Filter>
    <Filter Include="src">
      <UniqueIdentifier>{bb6c862e-70e9-49d9-81b7-3829a6f50471}</UniqueIdentifier>
    </Filter>
    <Filter Include="src\srw_system">
      <UniqueIdentifier>{4dae9e1d-bd68-4bcb-ac0d-2703976b8171}</UniqueIdentifier>
    </Filter>
    <Filter Include="src\srpg_system">
      <UniqueIdentifier>{b53e422f-5c37-4d98-aa2a-362280a57730}</UniqueIdentifier>
    </Filter>
  </ItemGroup>
  <ItemGroup>
    <ClCompile Include="main.cpp">
      <Filter>win32</Filter>
    </ClCompile>
    <ClCompile Include="..\Classes\AppDelegate.cpp">
      <Filter>src</Filter>
    </ClCompile>
    <ClCompile Include="..\Classes\HelloWorldScene.cpp">
      <Filter>src</Filter>
    </ClCompile>
    <ClCompile Include="..\Classes\srpg_system\Chess.cpp">
      <Filter>src\srpg_system</Filter>
    </ClCompile>
    <ClCompile Include="..\Classes\srpg_system\Map.cpp">
      <Filter>src\srpg_system</Filter>
    </ClCompile>
    <ClCompile Include="..\Classes\srpg_system\Tile.cpp">
      <Filter>src\srpg_system</Filter>
    </ClCompile>
    <ClCompile Include="..\Classes\srw_system\Pilots.cpp">
      <Filter>src\srw_system</Filter>
    </ClCompile>
    <ClCompile Include="..\Classes\srw_system\Skills.cpp">
      <Filter>src\srw_system</Filter>
    </ClCompile>
    <ClCompile Include="..\Classes\srw_system\Spirits.cpp">
      <Filter>src\srw_system</Filter>
    </ClCompile>
    <ClCompile Include="..\Classes\srw_system\Units.cpp">
      <Filter>src\srw_system</Filter>
    </ClCompile>
    <ClCompile Include="..\Classes\srw_system\Weapons.cpp">
      <Filter>src\srw_system</Filter>
    </ClCompile>
  </ItemGroup>
  <ItemGroup>
    <ClInclude Include="main.h">
      <Filter>win32</Filter>
    </ClInclude>
    <ClInclude Include="..\Classes\AppDelegate.h">
      <Filter>src</Filter>
    </ClInclude>
    <ClInclude Include="..\Classes\HelloWorldScene.h">
      <Filter>src</Filter>
    </ClInclude>
    <ClInclude Include="..\Classes\srpg_system\Chess.h">
      <Filter>src\srpg_system</Filter>
    </ClInclude>
    <ClInclude Include="..\Classes\srpg_system\Map.h">
      <Filter>src\srpg_system</Filter>
    </ClInclude>
    <ClInclude Include="..\Classes\srpg_system\Tile.h">
      <Filter>src\srpg_system</Filter>
    </ClInclude>
    <ClInclude Include="..\Classes\srpg_system\SRPG_System.h">
      <Filter>src\srpg_system</Filter>
    </ClInclude>
    <ClInclude Include="..\Classes\srw_system\Pilots.h">
      <Filter>src\srw_system</Filter>
    </ClInclude>
    <ClInclude Include="..\Classes\srw_system\Skills.h">
      <Filter>src\srw_system</Filter>
    </ClInclude>
    <ClInclude Include="..\Classes\srw_system\Spirits.h">
      <Filter>src\srw_system</Filter>
    </ClInclude>
    <ClInclude Include="..\Classes\srw_system\SRW_System.h">
      <Filter>src\srw_system</Filter>
    </ClInclude>
    <ClInclude Include="..\Classes\srw_system\Units.h">
      <Filter>src\srw_system</Filter>
    </ClInclude>
    <ClInclude Include="..\Classes\srw_system\Weapons.h">
      <Filter>src\srw_system</Filter>
    </ClInclude>
  </ItemGroup>
  <ItemGroup>
    <ResourceCompile Include="game.rc">
      <Filter>resource</Filter>
    </ResourceCompile>
  </ItemGroup>
</Project>